
Microsoft Visual Studio Solution File, Format Version 12.00
# Visual Studio Version 17
VisualStudioVersion = 17.9.34902.65
MinimumVisualStudioVersion = 10.0.40219.1
Project("{FAE04EC0-301F-11D3-BF4B-00C04F79EFBC}") = "BankingPro", "BankingPro.csproj", "{2DB49FB1-F5C2-45BF-86C2-A4650F9FA339}"
EndProject
Project("{FAE04EC0-301F-11D3-BF4B-00C04F79EFBC}") = "BankingPro.DTOs", "..\BankingPro.DTOs\BankingPro.DTOs.csproj", "{7DCB063D-FA6D-4C6E-ACC2-17FAFF91AEC6}"
EndProject
Project("{FAE04EC0-301F-11D3-BF4B-00C04F79EFBC}") = "BankingPro.DAL", "..\BankingPro.DAL\BankingPro.DAL.csproj", "{83C09739-FB3E-4409-90F8-CC3A26B26928}"
EndProject
Project("{FAE04EC0-301F-11D3-BF4B-00C04F79EFBC}") = "BankingPro.BLL", "..\BankingPro.BLL\BankingPro.BLL.csproj", "{14E041BE-0734-47B9-8130-7849B5191F26}"
EndProject
Global
	GlobalSection(SolutionConfigurationPlatforms) = preSolution
		Debug|Any CPU = Debug|Any CPU
		Release|Any CPU = Release|Any CPU
	EndGlobalSection
	GlobalSection(ProjectConfigurationPlatforms) = postSolution
		{2DB49FB1-F5C2-45BF-86C2-A4650F9FA339}.Debug|Any CPU.ActiveCfg = Debug|Any CPU
		{2DB49FB1-F5C2-45BF-86C2-A4650F9FA339}.Debug|Any CPU.Build.0 = Debug|Any CPU
		{2DB49FB1-F5C2-45BF-86C2-A4650F9FA339}.Release|Any CPU.ActiveCfg = Release|Any CPU
		{2DB49FB1-F5C2-45BF-86C2-A4650F9FA339}.Release|Any CPU.Build.0 = Release|Any CPU
		{7DCB063D-FA6D-4C6E-ACC2-17FAFF91AEC6}.Debug|Any CPU.ActiveCfg = Debug|Any CPU
		{7DCB063D-FA6D-4C6E-ACC2-17FAFF91AEC6}.Debug|Any CPU.Build.0 = Debug|Any CPU
		{7DCB063D-FA6D-4C6E-ACC2-17FAFF91AEC6}.Release|Any CPU.ActiveCfg = Release|Any CPU
		{7DCB063D-FA6D-4C6E-ACC2-17FAFF91AEC6}.Release|Any CPU.Build.0 = Release|Any CPU
		{83C09739-FB3E-4409-90F8-CC3A26B26928}.Debug|Any CPU.ActiveCfg = Debug|Any CPU
		{83C09739-FB3E-4409-90F8-CC3A26B26928}.Debug|Any CPU.Build.0 = Debug|Any CPU
		{83C09739-FB3E-4409-90F8-CC3A26B26928}.Release|Any CPU.ActiveCfg = Release|Any CPU
		{83C09739-FB3E-4409-90F8-CC3A26B26928}.Release|Any CPU.Build.0 = Release|Any CPU
		{14E041BE-0734-47B9-8130-7849B5191F26}.Debug|Any CPU.ActiveCfg = Debug|Any CPU
		{14E041BE-0734-47B9-8130-7849B5191F26}.Debug|Any CPU.Build.0 = Debug|Any CPU
		{14E041BE-0734-47B9-8130-7849B5191F26}.Release|Any CPU.ActiveCfg = Release|Any CPU
		{14E041BE-0734-47B9-8130-7849B5191F26}.Release|Any CPU.Build.0 = Release|Any CPU
	EndGlobalSection
	GlobalSection(SolutionProperties) = preSolution
		HideSolutionNode = FALSE
	EndGlobalSection
	GlobalSection(ExtensibilityGlobals) = postSolution
		SolutionGuid = {2A9ECAD5-06A1-44BA-A1F3-C364EDFE639C}
	EndGlobalSection
EndGlobal
